// !$*UTF8*$!
{
	archiveVersion = 1;
	classes = {
	};
	objectVersion = 50;
	objects = {

/* Begin PBXBuildFile section */
		10F0EDAF9F6E00A79479A37C /* Pods_TestBazel.framework in Frameworks */ = {isa = PBXBuildFile; fileRef = AFEA6F88ECE1558A8CE6D830 /* Pods_TestBazel.framework */; };
		215C430C22FD835000A5258A /* AppDelegate.swift in Sources */ = {isa = PBXBuildFile; fileRef = 215C430B22FD835000A5258A /* AppDelegate.swift */; };
		215C430E22FD835000A5258A /* ViewController.swift in Sources */ = {isa = PBXBuildFile; fileRef = 215C430D22FD835000A5258A /* ViewController.swift */; };
		215C431122FD835000A5258A /* Main.storyboard in Resources */ = {isa = PBXBuildFile; fileRef = 215C430F22FD835000A5258A /* Main.storyboard */; };
		215C431322FD835200A5258A /* Assets.xcassets in Resources */ = {isa = PBXBuildFile; fileRef = 215C431222FD835200A5258A /* Assets.xcassets */; };
		215C431622FD835200A5258A /* LaunchScreen.storyboard in Resources */ = {isa = PBXBuildFile; fileRef = 215C431422FD835200A5258A /* LaunchScreen.storyboard */; };
/* End PBXBuildFile section */

/* Begin PBXFileReference section */
		1178132A9648DD36F81F7689 /* Pods-TestBazel.release.xcconfig */ = {isa = PBXFileReference; includeInIndex = 1; lastKnownFileType = text.xcconfig; name = "Pods-TestBazel.release.xcconfig"; path = "Target Support Files/Pods-TestBazel/Pods-TestBazel.release.xcconfig"; sourceTree = "<group>"; };
		215C430822FD835000A5258A /* TestBazel.app */ = {isa = PBXFileReference; explicitFileType = wrapper.application; includeInIndex = 0; path = TestBazel.app; sourceTree = BUILT_PRODUCTS_DIR; };
		215C430B22FD835000A5258A /* AppDelegate.swift */ = {isa = PBXFileReference; lastKnownFileType = sourcecode.swift; path = AppDelegate.swift; sourceTree = "<group>"; };
		215C430D22FD835000A5258A /* ViewController.swift */ = {isa = PBXFileReference; lastKnownFileType = sourcecode.swift; path = ViewController.swift; sourceTree = "<group>"; };
		215C431022FD835000A5258A /* Base */ = {isa = PBXFileReference; lastKnownFileType = file.storyboard; name = Base; path = Base.lproj/Main.storyboard; sourceTree = "<group>"; };
		215C431222FD835200A5258A /* Assets.xcassets */ = {isa = PBXFileReference; lastKnownFileType = folder.assetcatalog; path = Assets.xcassets; sourceTree = "<group>"; };
		215C431522FD835200A5258A /* Base */ = {isa = PBXFileReference; lastKnownFileType = file.storyboard; name = Base; path = Base.lproj/LaunchScreen.storyboard; sourceTree = "<group>"; };
		215C431722FD835200A5258A /* Info.plist */ = {isa = PBXFileReference; lastKnownFileType = text.plist.xml; path = Info.plist; sourceTree = "<group>"; };
		AFEA6F88ECE1558A8CE6D830 /* Pods_TestBazel.framework */ = {isa = PBXFileReference; explicitFileType = wrapper.framework; includeInIndex = 0; path = Pods_TestBazel.framework; sourceTree = BUILT_PRODUCTS_DIR; };
		CD8A05E530DD0C6D0E00191E /* Pods-TestBazel.debug.xcconfig */ = {isa = PBXFileReference; includeInIndex = 1; lastKnownFileType = text.xcconfig; name = "Pods-TestBazel.debug.xcconfig"; path = "Target Support Files/Pods-TestBazel/Pods-TestBazel.debug.xcconfig"; sourceTree = "<group>"; };
/* End PBXFileReference section */

/* Begin PBXFrameworksBuildPhase section */
		215C430522FD835000A5258A /* Frameworks */ = {
			isa = PBXFrameworksBuildPhase;
			buildActionMask = 2147483647;
			files = (
				10F0EDAF9F6E00A79479A37C /* Pods_TestBazel.framework in Frameworks */,
			);
			runOnlyForDeploymentPostprocessing = 0;
		};
/* End PBXFrameworksBuildPhase section */

/* Begin PBXGroup section */
		0B12B3F2A2AA13BFD329D055 /* Pods */ = {
			isa = PBXGroup;
			children = (
				CD8A05E530DD0C6D0E00191E /* Pods-TestBazel.debug.xcconfig */,
				1178132A9648DD36F81F7689 /* Pods-TestBazel.release.xcconfig */,
			);
			name = Pods;
			path = Pods;
			sourceTree = "<group>";
		};
		215C42FF22FD835000A5258A = {
			isa = PBXGroup;
			children = (
				215C430A22FD835000A5258A /* TestBazel */,
				215C430922FD835000A5258A /* Products */,
				0B12B3F2A2AA13BFD329D055 /* Pods */,
				ECD85E033A73A5EC88FFED1E /* Frameworks */,
			);
			sourceTree = "<group>";
		};
		215C430922FD835000A5258A /* Products */ = {
			isa = PBXGroup;
			children = (
				215C430822FD835000A5258A /* TestBazel.app */,
			);
			name = Products;
			sourceTree = "<group>";
		};
		215C430A22FD835000A5258A /* TestBazel */ = {
			isa = PBXGroup;
			children = (
				215C430B22FD835000A5258A /* AppDelegate.swift */,
				215C430D22FD835000A5258A /* ViewController.swift */,
				215C430F22FD835000A5258A /* Main.storyboard */,
				215C431222FD835200A5258A /* Assets.xcassets */,
				215C431422FD835200A5258A /* LaunchScreen.storyboard */,
				215C431722FD835200A5258A /* Info.plist */,
			);
			path = TestBazel;
			sourceTree = "<group>";
		};
		ECD85E033A73A5EC88FFED1E /* Frameworks */ = {
			isa = PBXGroup;
			children = (
				AFEA6F88ECE1558A8CE6D830 /* Pods_TestBazel.framework */,
			);
			name = Frameworks;
			sourceTree = "<group>";
		};
/* End PBXGroup section */

/* Begin PBXNativeTarget section */
		215C430722FD835000A5258A /* TestBazel */ = {
			isa = PBXNativeTarget;
			buildConfigurationList = 215C431A22FD835200A5258A /* Build configuration list for PBXNativeTarget "TestBazel" */;
			buildPhases = (
				38DAA15D395FE39F462318D6 /* [CP] Check Pods Manifest.lock */,
				215C430422FD835000A5258A /* Sources */,
				215C430522FD835000A5258A /* Frameworks */,
				215C430622FD835000A5258A /* Resources */,
				88F28E9D9CE7355DC7C9A660 /* [CP] Embed Pods Frameworks */,
			);
			buildRules = (
			);
			dependencies = (
			);
			name = TestBazel;
			productName = TestBazel;
			productReference = 215C430822FD835000A5258A /* TestBazel.app */;
			productType = "com.apple.product-type.application";
		};
/* End PBXNativeTarget section */

/* Begin PBXProject section */
		215C430022FD835000A5258A /* Project object */ = {
			isa = PBXProject;
			attributes = {
				LastSwiftUpdateCheck = 1030;
				LastUpgradeCheck = 1030;
				ORGANIZATIONNAME = Tokopedia;
				TargetAttributes = {
					215C430722FD835000A5258A = {
						CreatedOnToolsVersion = 10.3;
					};
				};
			};
			buildConfigurationList = 215C430322FD835000A5258A /* Build configuration list for PBXProject "TestBazel" */;
			compatibilityVersion = "Xcode 9.3";
			developmentRegion = en;
			hasScannedForEncodings = 0;
			knownRegions = (
				en,
				Base,
			);
			mainGroup = 215C42FF22FD835000A5258A;
			productRefGroup = 215C430922FD835000A5258A /* Products */;
			projectDirPath = "";
			projectRoot = "";
			targets = (
				215C430722FD835000A5258A /* TestBazel */,
			);
		};
/* End PBXProject section */

/* Begin PBXResourcesBuildPhase section */
		215C430622FD835000A5258A /* Resources */ = {
			isa = PBXResourcesBuildPhase;
			buildActionMask = 2147483647;
			files = (
				215C431622FD835200A5258A /* LaunchScreen.storyboard in Resources */,
				215C431322FD835200A5258A /* Assets.xcassets in Resources */,
				215C431122FD835000A5258A /* Main.storyboard in Resources */,
			);
			runOnlyForDeploymentPostprocessing = 0;
		};
/* End PBXResourcesBuildPhase section */

/* Begin PBXShellScriptBuildPhase section */
		38DAA15D395FE39F462318D6 /* [CP] Check Pods Manifest.lock */ = {
			isa = PBXShellScriptBuildPhase;
			buildActionMask = 2147483647;
			files = (
			);
			inputFileListPaths = (
			);
			inputPaths = (
				"${PODS_PODFILE_DIR_PATH}/Podfile.lock",
				"${PODS_ROOT}/Manifest.lock",
			);
			name = "[CP] Check Pods Manifest.lock";
			outputFileListPaths = (
			);
			outputPaths = (
				"$(DERIVED_FILE_DIR)/Pods-TestBazel-checkManifestLockResult.txt",
			);
			runOnlyForDeploymentPostprocessing = 0;
			shellPath = /bin/sh;
			shellScript = "diff \"${PODS_PODFILE_DIR_PATH}/Podfile.lock\" \"${PODS_ROOT}/Manifest.lock\" > /dev/null\nif [ $? != 0 ] ; then\n    # print error to STDERR\n    echo \"error: The sandbox is not in sync with the Podfile.lock. Run 'pod install' or update your CocoaPods installation.\" >&2\n    exit 1\nfi\n# This output is used by Xcode 'outputs' to avoid re-running this script phase.\necho \"SUCCESS\" > \"${SCRIPT_OUTPUT_FILE_0}\"\n";
			showEnvVarsInLog = 0;
		};
		88F28E9D9CE7355DC7C9A660 /* [CP] Embed Pods Frameworks */ = {
			isa = PBXShellScriptBuildPhase;
			buildActionMask = 2147483647;
			files = (
			);
			inputFileListPaths = (
				"${PODS_ROOT}/Target Support Files/Pods-TestBazel/Pods-TestBazel-frameworks-${CONFIGURATION}-input-files.xcfilelist",
			);
			name = "[CP] Embed Pods Frameworks";
			outputFileListPaths = (
				"${PODS_ROOT}/Target Support Files/Pods-TestBazel/Pods-TestBazel-frameworks-${CONFIGURATION}-output-files.xcfilelist",
			);
			runOnlyForDeploymentPostprocessing = 0;
			shellPath = /bin/sh;
			shellScript = "\"${PODS_ROOT}/Target Support Files/Pods-TestBazel/Pods-TestBazel-frameworks.sh\"\n";
			showEnvVarsInLog = 0;
		};
/* End PBXShellScriptBuildPhase section */

/* Begin PBXSourcesBuildPhase section */
		215C430422FD835000A5258A /* Sources */ = {
			isa = PBXSourcesBuildPhase;
			buildActionMask = 2147483647;
			files = (
				215C430E22FD835000A5258A /* ViewController.swift in Sources */,
				215C430C22FD835000A5258A /* AppDelegate.swift in Sources */,
			);
			runOnlyForDeploymentPostprocessing = 0;
		};
/* End PBXSourcesBuildPhase section */

/* Begin PBXVariantGroup section */
		215C430F22FD835000A5258A /* Main.storyboard */ = {
			isa = PBXVariantGroup;
			children = (
				215C431022FD835000A5258A /* Base */,
			);
			name = Main.storyboard;
			sourceTree = "<group>";
		};
		215C431422FD835200A5258A /* LaunchScreen.storyboard */ = {
			isa = PBXVariantGroup;
			children = (
				215C431522FD835200A5258A /* Base */,
			);
			name = LaunchScreen.storyboard;
			sourceTree = "<group>";
		};
/* End PBXVariantGroup section */

/* Begin XCBuildConfiguration section */
		215C431822FD835200A5258A /* Debug */ = {
			isa = XCBuildConfiguration;
			buildSettings = {
				ALWAYS_SEARCH_USER_PATHS = NO;
				CLANG_ANALYZER_NONNULL = YES;
				CLANG_ANALYZER_NUMBER_OBJECT_CONVERSION = YES_AGGRESSIVE;
				CLANG_CXX_LANGUAGE_STANDARD = "gnu++14";
				CLANG_CXX_LIBRARY = "libc++";
				CLANG_ENABLE_MODULES = YES;
				CLANG_ENABLE_OBJC_ARC = YES;
				CLANG_ENABLE_OBJC_WEAK = YES;
				CLANG_WARN_BLOCK_CAPTURE_AUTORELEASING = YES;
				CLANG_WARN_BOOL_CONVERSION = YES;
				CLANG_WARN_COMMA = YES;
				CLANG_WARN_CONSTANT_CONVERSION = YES;
				CLANG_WARN_DEPRECATED_OBJC_IMPLEMENTATIONS = YES;
				CLANG_WARN_DIRECT_OBJC_ISA_USAGE = YES_ERROR;
				CLANG_WARN_DOCUMENTATION_COMMENTS = YES;
				CLANG_WARN_EMPTY_BODY = YES;
				CLANG_WARN_ENUM_CONVERSION = YES;
				CLANG_WARN_INFINITE_RECURSION = YES;
				CLANG_WARN_INT_CONVERSION = YES;
				CLANG_WARN_NON_LITERAL_NULL_CONVERSION = YES;
				CLANG_WARN_OBJC_IMPLICIT_RETAIN_SELF = YES;
				CLANG_WARN_OBJC_LITERAL_CONVERSION = YES;
				CLANG_WARN_OBJC_ROOT_CLASS = YES_ERROR;
				CLANG_WARN_RANGE_LOOP_ANALYSIS = YES;
				CLANG_WARN_STRICT_PROTOTYPES = YES;
				CLANG_WARN_SUSPICIOUS_MOVE = YES;
				CLANG_WARN_UNGUARDED_AVAILABILITY = YES_AGGRESSIVE;
				CLANG_WARN_UNREACHABLE_CODE = YES;
				CLANG_WARN__DUPLICATE_METHOD_MATCH = YES;
				CODE_SIGN_IDENTITY = "iPhone Developer";
				COPY_PHASE_STRIP = NO;
				DEBUG_INFORMATION_FORMAT = dwarf;
				ENABLE_STRICT_OBJC_MSGSEND = YES;
				ENABLE_TESTABILITY = YES;
				GCC_C_LANGUAGE_STANDARD = gnu11;
				GCC_DYNAMIC_NO_PIC = NO;
				GCC_NO_COMMON_BLOCKS = YES;
				GCC_OPTIMIZATION_LEVEL = 0;
				GCC_PREPROCESSOR_DEFINITIONS = (
					"DEBUG=1",
					"$(inherited)",
				);
				GCC_WARN_64_TO_32_BIT_CONVERSION = YES;
				GCC_WARN_ABOUT_RETURN_TYPE = YES_ERROR;
				GCC_WARN_UNDECLARED_SELECTOR = YES;
				GCC_WARN_UNINITIALIZED_AUTOS = YES_AGGRESSIVE;
				GCC_WARN_UNUSED_FUNCTION = YES;
				GCC_WARN_UNUSED_VARIABLE = YES;
				IPHONEOS_DEPLOYMENT_TARGET = 12.4;
				MTL_ENABLE_DEBUG_INFO = INCLUDE_SOURCE;
				MTL_FAST_MATH = YES;
				ONLY_ACTIVE_ARCH = YES;
				SDKROOT = iphoneos;
				SWIFT_ACTIVE_COMPILATION_CONDITIONS = DEBUG;
				SWIFT_OPTIMIZATION_LEVEL = "-Onone";
			};
			name = Debug;
		};
		215C431922FD835200A5258A /* Release */ = {
			isa = XCBuildConfiguration;
			buildSettings = {
				ALWAYS_SEARCH_USER_PATHS = NO;
				CLANG_ANALYZER_NONNULL = YES;
				CLANG_ANALYZER_NUMBER_OBJECT_CONVERSION = YES_AGGRESSIVE;
				CLANG_CXX_LANGUAGE_STANDARD = "gnu++14";
				CLANG_CXX_LIBRARY = "libc++";
				CLANG_ENABLE_MODULES = YES;
				CLANG_ENABLE_OBJC_ARC = YES;
				CLANG_ENABLE_OBJC_WEAK = YES;
				CLANG_WARN_BLOCK_CAPTURE_AUTORELEASING = YES;
				CLANG_WARN_BOOL_CONVERSION = YES;
				CLANG_WARN_COMMA = YES;
				CLANG_WARN_CONSTANT_CONVERSION = YES;
				CLANG_WARN_DEPRECATED_OBJC_IMPLEMENTATIONS = YES;
				CLANG_WARN_DIRECT_OBJC_ISA_USAGE = YES_ERROR;
				CLANG_WARN_DOCUMENTATION_COMMENTS = YES;
				CLANG_WARN_EMPTY_BODY = YES;
				CLANG_WARN_ENUM_CONVERSION = YES;
				CLANG_WARN_INFINITE_RECURSION = YES;
				CLANG_WARN_INT_CONVERSION = YES;
				CLANG_WARN_NON_LITERAL_NULL_CONVERSION = YES;
				CLANG_WARN_OBJC_IMPLICIT_RETAIN_SELF = YES;
				CLANG_WARN_OBJC_LITERAL_CONVERSION = YES;
				CLANG_WARN_OBJC_ROOT_CLASS = YES_ERROR;
				CLANG_WARN_RANGE_LOOP_ANALYSIS = YES;
				CLANG_WARN_STRICT_PROTOTYPES = YES;
				CLANG_WARN_SUSPICIOUS_MOVE = YES;
				CLANG_WARN_UNGUARDED_AVAILABILITY = YES_AGGRESSIVE;
				CLANG_WARN_UNREACHABLE_CODE = YES;
				CLANG_WARN__DUPLICATE_METHOD_MATCH = YES;
				CODE_SIGN_IDENTITY = "iPhone Developer";
				COPY_PHASE_STRIP = NO;
				DEBUG_INFORMATION_FORMAT = "dwarf-with-dsym";
				ENABLE_NS_ASSERTIONS = NO;
				ENABLE_STRICT_OBJC_MSGSEND = YES;
				GCC_C_LANGUAGE_STANDARD = gnu11;
				GCC_NO_COMMON_BLOCKS = YES;
				GCC_WARN_64_TO_32_BIT_CONVERSION = YES;
				GCC_WARN_ABOUT_RETURN_TYPE = YES_ERROR;
				GCC_WARN_UNDECLARED_SELECTOR = YES;
				GCC_WARN_UNINITIALIZED_AUTOS = YES_AGGRESSIVE;
				GCC_WARN_UNUSED_FUNCTION = YES;
				GCC_WARN_UNUSED_VARIABLE = YES;
				IPHONEOS_DEPLOYMENT_TARGET = 12.4;
				MTL_ENABLE_DEBUG_INFO = NO;
				MTL_FAST_MATH = YES;
				SDKROOT = iphoneos;
				SWIFT_COMPILATION_MODE = wholemodule;
				SWIFT_OPTIMIZATION_LEVEL = "-O";
				VALIDATE_PRODUCT = YES;
			};
			name = Release;
		};
		215C431B22FD835200A5258A /* Debug */ = {
			isa = XCBuildConfiguration;
			baseConfigurationReference = CD8A05E530DD0C6D0E00191E /* Pods-TestBazel.debug.xcconfig */;
			buildSettings = {
				ASSETCATALOG_COMPILER_APPICON_NAME = AppIcon;
				CODE_SIGN_STYLE = Automatic;
				DEVELOPMENT_TEAM = H8S6N7BJTQ;
				INFOPLIST_FILE = TestBazel/Info.plist;
				LD_RUNPATH_SEARCH_PATHS = (
					"$(inherited)",
					"@executable_path/Frameworks",
				);
				PRODUCT_BUNDLE_IDENTIFIER = abrampers.TestBazel;
				PRODUCT_NAME = "$(TARGET_NAME)";
				SWIFT_VERSION = 5.0;
				TARGETED_DEVICE_FAMILY = "1,2";
			};
			name = Debug;
		};
		215C431C22FD835200A5258A /* Release */ = {
			isa = XCBuildConfiguration;
			baseConfigurationReference = 1178132A9648DD36F81F7689 /* Pods-TestBazel.release.xcconfig */;
			buildSettings = {
				ASSETCATALOG_COMPILER_APPICON_NAME = AppIcon;
				CODE_SIGN_STYLE = Automatic;
				DEVELOPMENT_TEAM = H8S6N7BJTQ;
				INFOPLIST_FILE = TestBazel/Info.plist;
				LD_RUNPATH_SEARCH_PATHS = (
					"$(inherited)",
					"@executable_path/Frameworks",
				);
				PRODUCT_BUNDLE_IDENTIFIER = abrampers.TestBazel;
				PRODUCT_NAME = "$(TARGET_NAME)";
				SWIFT_VERSION = 5.0;
				TARGETED_DEVICE_FAMILY = "1,2";
			};
			name = Release;
		};
/* End XCBuildConfiguration section */

/* Begin XCConfigurationList section */
		215C430322FD835000A5258A /* Build configuration list for PBXProject "TestBazel" */ = {
			isa = XCConfigurationList;
			buildConfigurations = (
				215C431822FD835200A5258A /* Debug */,
				215C431922FD835200A5258A /* Release */,
			);
			defaultConfigurationIsVisible = 0;
			defaultConfigurationName = Release;
		};
		215C431A22FD835200A5258A /* Build configuration list for PBXNativeTarget "TestBazel" */ = {
			isa = XCConfigurationList;
			buildConfigurations = (
				215C431B22FD835200A5258A /* Debug */,
				215C431C22FD835200A5258A /* Release */,
			);
			defaultConfigurationIsVisible = 0;
			defaultConfigurationName = Release;
		};
/* End XCConfigurationList section */
	};
	rootObject = 215C430022FD835000A5258A /* Project object */;
}
